// !$*UTF8*$!
{
	archiveVersion = 1;
	classes = {
	};
	objectVersion = 56;
	objects = {

/* Begin PBXBuildFile section */
		AC3D19C42B3110DF005552C6 /* MorphingShapes.swift in Sources */ = {isa = PBXBuildFile; fileRef = AC3D19C32B3110DF005552C6 /* MorphingShapes.swift */; };
		AC3D19C62B31C053005552C6 /* CustomModifiersExtensions.swift in Sources */ = {isa = PBXBuildFile; fileRef = AC3D19C52B31C053005552C6 /* CustomModifiersExtensions.swift */; };
		AC9333A72B2A7180001A55C1 /* CodeSlicingBootcampApp.swift in Sources */ = {isa = PBXBuildFile; fileRef = AC9333A62B2A7180001A55C1 /* CodeSlicingBootcampApp.swift */; };
		AC9333A92B2A7180001A55C1 /* ContentView.swift in Sources */ = {isa = PBXBuildFile; fileRef = AC9333A82B2A7180001A55C1 /* ContentView.swift */; };
		AC9333AB2B2A7182001A55C1 /* Assets.xcassets in Resources */ = {isa = PBXBuildFile; fileRef = AC9333AA2B2A7182001A55C1 /* Assets.xcassets */; };
		AC9333AE2B2A7182001A55C1 /* Preview Assets.xcassets in Resources */ = {isa = PBXBuildFile; fileRef = AC9333AD2B2A7182001A55C1 /* Preview Assets.xcassets */; };
		AC9333B52B2A721A001A55C1 /* StickyToggle.swift in Sources */ = {isa = PBXBuildFile; fileRef = AC9333B42B2A721A001A55C1 /* StickyToggle.swift */; };
		AC9333B82B2A72CC001A55C1 /* PureSwiftUI in Frameworks */ = {isa = PBXBuildFile; productRef = AC9333B72B2A72CC001A55C1 /* PureSwiftUI */; };
		AC9333BA2B2AE696001A55C1 /* PhotosIcon.swift in Sources */ = {isa = PBXBuildFile; fileRef = AC9333B92B2AE696001A55C1 /* PhotosIcon.swift */; };
		AC9333BD2B2AF929001A55C1 /* AppIconCreator in Frameworks */ = {isa = PBXBuildFile; productRef = AC9333BC2B2AF929001A55C1 /* AppIconCreator */; };
		AC9333C42B30F133001A55C1 /* AddingEffectsToViews.swift in Sources */ = {isa = PBXBuildFile; fileRef = AC9333C32B30F133001A55C1 /* AddingEffectsToViews.swift */; };
		AC9333C62B30F6F4001A55C1 /* AddingEffectsToViewsOculus.swift in Sources */ = {isa = PBXBuildFile; fileRef = AC9333C52B30F6F4001A55C1 /* AddingEffectsToViewsOculus.swift */; };
		AC9333CA2B30F9EA001A55C1 /* GridLayoutArrow.swift in Sources */ = {isa = PBXBuildFile; fileRef = AC9333C92B30F9EA001A55C1 /* GridLayoutArrow.swift */; };
		AC9333CC2B3100D0001A55C1 /* PolarLayoutGuides.swift in Sources */ = {isa = PBXBuildFile; fileRef = AC9333CB2B3100D0001A55C1 /* PolarLayoutGuides.swift */; };
		AC9333CE2B310765001A55C1 /* HeartShape.swift in Sources */ = {isa = PBXBuildFile; fileRef = AC9333CD2B310765001A55C1 /* HeartShape.swift */; };
		ACB8B2032B31C7A900F41761 /* ImplementingViewModifier.swift in Sources */ = {isa = PBXBuildFile; fileRef = ACB8B2022B31C7A900F41761 /* ImplementingViewModifier.swift */; };
/* End PBXBuildFile section */

/* Begin PBXFileReference section */
		AC3D19C32B3110DF005552C6 /* MorphingShapes.swift */ = {isa = PBXFileReference; lastKnownFileType = sourcecode.swift; path = MorphingShapes.swift; sourceTree = "<group>"; };
		AC3D19C52B31C053005552C6 /* CustomModifiersExtensions.swift */ = {isa = PBXFileReference; lastKnownFileType = sourcecode.swift; path = CustomModifiersExtensions.swift; sourceTree = "<group>"; };
		AC9333A32B2A7180001A55C1 /* CodeSlicingBootcamp.app */ = {isa = PBXFileReference; explicitFileType = wrapper.application; includeInIndex = 0; path = CodeSlicingBootcamp.app; sourceTree = BUILT_PRODUCTS_DIR; };
		AC9333A62B2A7180001A55C1 /* CodeSlicingBootcampApp.swift */ = {isa = PBXFileReference; lastKnownFileType = sourcecode.swift; path = CodeSlicingBootcampApp.swift; sourceTree = "<group>"; };
		AC9333A82B2A7180001A55C1 /* ContentView.swift */ = {isa = PBXFileReference; lastKnownFileType = sourcecode.swift; path = ContentView.swift; sourceTree = "<group>"; };
		AC9333AA2B2A7182001A55C1 /* Assets.xcassets */ = {isa = PBXFileReference; lastKnownFileType = folder.assetcatalog; path = Assets.xcassets; sourceTree = "<group>"; };
		AC9333AD2B2A7182001A55C1 /* Preview Assets.xcassets */ = {isa = PBXFileReference; lastKnownFileType = folder.assetcatalog; path = "Preview Assets.xcassets"; sourceTree = "<group>"; };
		AC9333B42B2A721A001A55C1 /* StickyToggle.swift */ = {isa = PBXFileReference; lastKnownFileType = sourcecode.swift; path = StickyToggle.swift; sourceTree = "<group>"; };
		AC9333B92B2AE696001A55C1 /* PhotosIcon.swift */ = {isa = PBXFileReference; lastKnownFileType = sourcecode.swift; path = PhotosIcon.swift; sourceTree = "<group>"; };
		AC9333C32B30F133001A55C1 /* AddingEffectsToViews.swift */ = {isa = PBXFileReference; lastKnownFileType = sourcecode.swift; path = AddingEffectsToViews.swift; sourceTree = "<group>"; };
		AC9333C52B30F6F4001A55C1 /* AddingEffectsToViewsOculus.swift */ = {isa = PBXFileReference; lastKnownFileType = sourcecode.swift; path = AddingEffectsToViewsOculus.swift; sourceTree = "<group>"; };
		AC9333C92B30F9EA001A55C1 /* GridLayoutArrow.swift */ = {isa = PBXFileReference; lastKnownFileType = sourcecode.swift; path = GridLayoutArrow.swift; sourceTree = "<group>"; };
		AC9333CB2B3100D0001A55C1 /* PolarLayoutGuides.swift */ = {isa = PBXFileReference; lastKnownFileType = sourcecode.swift; path = PolarLayoutGuides.swift; sourceTree = "<group>"; };
		AC9333CD2B310765001A55C1 /* HeartShape.swift */ = {isa = PBXFileReference; lastKnownFileType = sourcecode.swift; path = HeartShape.swift; sourceTree = "<group>"; };
		ACB8B2022B31C7A900F41761 /* ImplementingViewModifier.swift */ = {isa = PBXFileReference; lastKnownFileType = sourcecode.swift; path = ImplementingViewModifier.swift; sourceTree = "<group>"; };
/* End PBXFileReference section */

/* Begin PBXFrameworksBuildPhase section */
		AC9333A02B2A7180001A55C1 /* Frameworks */ = {
			isa = PBXFrameworksBuildPhase;
			buildActionMask = 2147483647;
			files = (
				AC9333BD2B2AF929001A55C1 /* AppIconCreator in Frameworks */,
				AC9333B82B2A72CC001A55C1 /* PureSwiftUI in Frameworks */,
			);
			runOnlyForDeploymentPostprocessing = 0;
		};
/* End PBXFrameworksBuildPhase section */

/* Begin PBXGroup section */
		AC3D19C72B31C057005552C6 /* CustomModifiers */ = {
			isa = PBXGroup;
			children = (
				AC3D19C52B31C053005552C6 /* CustomModifiersExtensions.swift */,
				ACB8B2022B31C7A900F41761 /* ImplementingViewModifier.swift */,
			);
			path = CustomModifiers;
			sourceTree = "<group>";
		};
		AC93339A2B2A7180001A55C1 = {
			isa = PBXGroup;
			children = (
				AC9333A52B2A7180001A55C1 /* CodeSlicingBootcamp */,
				AC9333A42B2A7180001A55C1 /* Products */,
			);
			sourceTree = "<group>";
		};
		AC9333A42B2A7180001A55C1 /* Products */ = {
			isa = PBXGroup;
			children = (
				AC9333A32B2A7180001A55C1 /* CodeSlicingBootcamp.app */,
			);
			name = Products;
			sourceTree = "<group>";
		};
		AC9333A52B2A7180001A55C1 /* CodeSlicingBootcamp */ = {
			isa = PBXGroup;
			children = (
				AC9333A82B2A7180001A55C1 /* ContentView.swift */,
				AC9333A62B2A7180001A55C1 /* CodeSlicingBootcampApp.swift */,
				AC9333C22B30F0F0001A55C1 /* Series */,
				AC9333AA2B2A7182001A55C1 /* Assets.xcassets */,
				AC9333AC2B2A7182001A55C1 /* Preview Content */,
			);
			path = CodeSlicingBootcamp;
			sourceTree = "<group>";
		};
		AC9333AC2B2A7182001A55C1 /* Preview Content */ = {
			isa = PBXGroup;
			children = (
				AC9333AD2B2A7182001A55C1 /* Preview Assets.xcassets */,
			);
			path = "Preview Content";
			sourceTree = "<group>";
		};
		AC9333C22B30F0F0001A55C1 /* Series */ = {
			isa = PBXGroup;
			children = (
				AC9333B92B2AE696001A55C1 /* PhotosIcon.swift */,
				AC3D19C72B31C057005552C6 /* CustomModifiers */,
				AC9333B42B2A721A001A55C1 /* StickyToggle.swift */,
				AC9333C82B30F9CD001A55C1 /* GridLayoutGuides */,
				AC9333C72B30F6FD001A55C1 /* AddingEffects */,
			);
			path = Series;
			sourceTree = "<group>";
		};
		AC9333C72B30F6FD001A55C1 /* AddingEffects */ = {
			isa = PBXGroup;
			children = (
				AC9333C52B30F6F4001A55C1 /* AddingEffectsToViewsOculus.swift */,
				AC9333C32B30F133001A55C1 /* AddingEffectsToViews.swift */,
			);
			path = AddingEffects;
			sourceTree = "<group>";
		};
		AC9333C82B30F9CD001A55C1 /* GridLayoutGuides */ = {
			isa = PBXGroup;
			children = (
				AC9333C92B30F9EA001A55C1 /* GridLayoutArrow.swift */,
				AC3D19C32B3110DF005552C6 /* MorphingShapes.swift */,
				AC9333CB2B3100D0001A55C1 /* PolarLayoutGuides.swift */,
				AC9333CD2B310765001A55C1 /* HeartShape.swift */,
			);
			path = GridLayoutGuides;
			sourceTree = "<group>";
		};
/* End PBXGroup section */

/* Begin PBXNativeTarget section */
		AC9333A22B2A7180001A55C1 /* CodeSlicingBootcamp */ = {
			isa = PBXNativeTarget;
			buildConfigurationList = AC9333B12B2A7182001A55C1 /* Build configuration list for PBXNativeTarget "CodeSlicingBootcamp" */;
			buildPhases = (
				AC93339F2B2A7180001A55C1 /* Sources */,
				AC9333A02B2A7180001A55C1 /* Frameworks */,
				AC9333A12B2A7180001A55C1 /* Resources */,
			);
			buildRules = (
			);
			dependencies = (
			);
			name = CodeSlicingBootcamp;
			packageProductDependencies = (
				AC9333B72B2A72CC001A55C1 /* PureSwiftUI */,
				AC9333BC2B2AF929001A55C1 /* AppIconCreator */,
			);
			productName = CodeSlicingBootcamp;
			productReference = AC9333A32B2A7180001A55C1 /* CodeSlicingBootcamp.app */;
			productType = "com.apple.product-type.application";
		};
/* End PBXNativeTarget section */

/* Begin PBXProject section */
		AC93339B2B2A7180001A55C1 /* Project object */ = {
			isa = PBXProject;
			attributes = {
				BuildIndependentTargetsInParallel = 1;
				LastSwiftUpdateCheck = 1430;
				LastUpgradeCheck = 1430;
				TargetAttributes = {
					AC9333A22B2A7180001A55C1 = {
						CreatedOnToolsVersion = 14.3.1;
					};
				};
			};
			buildConfigurationList = AC93339E2B2A7180001A55C1 /* Build configuration list for PBXProject "CodeSlicingBootcamp" */;
			compatibilityVersion = "Xcode 14.0";
			developmentRegion = en;
			hasScannedForEncodings = 0;
			knownRegions = (
				en,
				Base,
			);
			mainGroup = AC93339A2B2A7180001A55C1;
			packageReferences = (
				AC9333B62B2A72CC001A55C1 /* XCRemoteSwiftPackageReference "pure-swift-ui" */,
				AC9333BB2B2AF929001A55C1 /* XCRemoteSwiftPackageReference "swiftui-app-icon-creator" */,
			);
			productRefGroup = AC9333A42B2A7180001A55C1 /* Products */;
			projectDirPath = "";
			projectRoot = "";
			targets = (
				AC9333A22B2A7180001A55C1 /* CodeSlicingBootcamp */,
			);
		};
/* End PBXProject section */

/* Begin PBXResourcesBuildPhase section */
		AC9333A12B2A7180001A55C1 /* Resources */ = {
			isa = PBXResourcesBuildPhase;
			buildActionMask = 2147483647;
			files = (
				AC9333AE2B2A7182001A55C1 /* Preview Assets.xcassets in Resources */,
				AC9333AB2B2A7182001A55C1 /* Assets.xcassets in Resources */,
			);
			runOnlyForDeploymentPostprocessing = 0;
		};
/* End PBXResourcesBuildPhase section */

/* Begin PBXSourcesBuildPhase section */
		AC93339F2B2A7180001A55C1 /* Sources */ = {
			isa = PBXSourcesBuildPhase;
			buildActionMask = 2147483647;
			files = (
				AC9333A92B2A7180001A55C1 /* ContentView.swift in Sources */,
				AC9333C42B30F133001A55C1 /* AddingEffectsToViews.swift in Sources */,
				AC9333BA2B2AE696001A55C1 /* PhotosIcon.swift in Sources */,
				AC9333CE2B310765001A55C1 /* HeartShape.swift in Sources */,
				AC9333B52B2A721A001A55C1 /* StickyToggle.swift in Sources */,
				AC9333CA2B30F9EA001A55C1 /* GridLayoutArrow.swift in Sources */,
				AC3D19C62B31C053005552C6 /* CustomModifiersExtensions.swift in Sources */,
				AC9333C62B30F6F4001A55C1 /* AddingEffectsToViewsOculus.swift in Sources */,
				ACB8B2032B31C7A900F41761 /* ImplementingViewModifier.swift in Sources */,
				AC3D19C42B3110DF005552C6 /* MorphingShapes.swift in Sources */,
				AC9333A72B2A7180001A55C1 /* CodeSlicingBootcampApp.swift in Sources */,
				AC9333CC2B3100D0001A55C1 /* PolarLayoutGuides.swift in Sources */,
			);
			runOnlyForDeploymentPostprocessing = 0;
		};
/* End PBXSourcesBuildPhase section */

/* Begin XCBuildConfiguration section */
		AC9333AF2B2A7182001A55C1 /* Debug */ = {
			isa = XCBuildConfiguration;
			buildSettings = {
				ALWAYS_SEARCH_USER_PATHS = NO;
				CLANG_ANALYZER_NONNULL = YES;
				CLANG_ANALYZER_NUMBER_OBJECT_CONVERSION = YES_AGGRESSIVE;
				CLANG_CXX_LANGUAGE_STANDARD = "gnu++20";
				CLANG_ENABLE_MODULES = YES;
				CLANG_ENABLE_OBJC_ARC = YES;
				CLANG_ENABLE_OBJC_WEAK = YES;
				CLANG_WARN_BLOCK_CAPTURE_AUTORELEASING = YES;
				CLANG_WARN_BOOL_CONVERSION = YES;
				CLANG_WARN_COMMA = YES;
				CLANG_WARN_CONSTANT_CONVERSION = YES;
				CLANG_WARN_DEPRECATED_OBJC_IMPLEMENTATIONS = YES;
				CLANG_WARN_DIRECT_OBJC_ISA_USAGE = YES_ERROR;
				CLANG_WARN_DOCUMENTATION_COMMENTS = YES;
				CLANG_WARN_EMPTY_BODY = YES;
				CLANG_WARN_ENUM_CONVERSION = YES;
				CLANG_WARN_INFINITE_RECURSION = YES;
				CLANG_WARN_INT_CONVERSION = YES;
				CLANG_WARN_NON_LITERAL_NULL_CONVERSION = YES;
				CLANG_WARN_OBJC_IMPLICIT_RETAIN_SELF = YES;
				CLANG_WARN_OBJC_LITERAL_CONVERSION = YES;
				CLANG_WARN_OBJC_ROOT_CLASS = YES_ERROR;
				CLANG_WARN_QUOTED_INCLUDE_IN_FRAMEWORK_HEADER = YES;
				CLANG_WARN_RANGE_LOOP_ANALYSIS = YES;
				CLANG_WARN_STRICT_PROTOTYPES = YES;
				CLANG_WARN_SUSPICIOUS_MOVE = YES;
				CLANG_WARN_UNGUARDED_AVAILABILITY = YES_AGGRESSIVE;
				CLANG_WARN_UNREACHABLE_CODE = YES;
				CLANG_WARN__DUPLICATE_METHOD_MATCH = YES;
				COPY_PHASE_STRIP = NO;
				DEBUG_INFORMATION_FORMAT = dwarf;
				ENABLE_STRICT_OBJC_MSGSEND = YES;
				ENABLE_TESTABILITY = YES;
				GCC_C_LANGUAGE_STANDARD = gnu11;
				GCC_DYNAMIC_NO_PIC = NO;
				GCC_NO_COMMON_BLOCKS = YES;
				GCC_OPTIMIZATION_LEVEL = 0;
				GCC_PREPROCESSOR_DEFINITIONS = (
					"DEBUG=1",
					"$(inherited)",
				);
				GCC_WARN_64_TO_32_BIT_CONVERSION = YES;
				GCC_WARN_ABOUT_RETURN_TYPE = YES_ERROR;
				GCC_WARN_UNDECLARED_SELECTOR = YES;
				GCC_WARN_UNINITIALIZED_AUTOS = YES_AGGRESSIVE;
				GCC_WARN_UNUSED_FUNCTION = YES;
				GCC_WARN_UNUSED_VARIABLE = YES;
				IPHONEOS_DEPLOYMENT_TARGET = 16.4;
				MTL_ENABLE_DEBUG_INFO = INCLUDE_SOURCE;
				MTL_FAST_MATH = YES;
				ONLY_ACTIVE_ARCH = YES;
				SDKROOT = iphoneos;
				SWIFT_ACTIVE_COMPILATION_CONDITIONS = DEBUG;
				SWIFT_OPTIMIZATION_LEVEL = "-Onone";
			};
			name = Debug;
		};
		AC9333B02B2A7182001A55C1 /* Release */ = {
			isa = XCBuildConfiguration;
			buildSettings = {
				ALWAYS_SEARCH_USER_PATHS = NO;
				CLANG_ANALYZER_NONNULL = YES;
				CLANG_ANALYZER_NUMBER_OBJECT_CONVERSION = YES_AGGRESSIVE;
				CLANG_CXX_LANGUAGE_STANDARD = "gnu++20";
				CLANG_ENABLE_MODULES = YES;
				CLANG_ENABLE_OBJC_ARC = YES;
				CLANG_ENABLE_OBJC_WEAK = YES;
				CLANG_WARN_BLOCK_CAPTURE_AUTORELEASING = YES;
				CLANG_WARN_BOOL_CONVERSION = YES;
				CLANG_WARN_COMMA = YES;
				CLANG_WARN_CONSTANT_CONVERSION = YES;
				CLANG_WARN_DEPRECATED_OBJC_IMPLEMENTATIONS = YES;
				CLANG_WARN_DIRECT_OBJC_ISA_USAGE = YES_ERROR;
				CLANG_WARN_DOCUMENTATION_COMMENTS = YES;
				CLANG_WARN_EMPTY_BODY = YES;
				CLANG_WARN_ENUM_CONVERSION = YES;
				CLANG_WARN_INFINITE_RECURSION = YES;
				CLANG_WARN_INT_CONVERSION = YES;
				CLANG_WARN_NON_LITERAL_NULL_CONVERSION = YES;
				CLANG_WARN_OBJC_IMPLICIT_RETAIN_SELF = YES;
				CLANG_WARN_OBJC_LITERAL_CONVERSION = YES;
				CLANG_WARN_OBJC_ROOT_CLASS = YES_ERROR;
				CLANG_WARN_QUOTED_INCLUDE_IN_FRAMEWORK_HEADER = YES;
				CLANG_WARN_RANGE_LOOP_ANALYSIS = YES;
				CLANG_WARN_STRICT_PROTOTYPES = YES;
				CLANG_WARN_SUSPICIOUS_MOVE = YES;
				CLANG_WARN_UNGUARDED_AVAILABILITY = YES_AGGRESSIVE;
				CLANG_WARN_UNREACHABLE_CODE = YES;
				CLANG_WARN__DUPLICATE_METHOD_MATCH = YES;
				COPY_PHASE_STRIP = NO;
				DEBUG_INFORMATION_FORMAT = "dwarf-with-dsym";
				ENABLE_NS_ASSERTIONS = NO;
				ENABLE_STRICT_OBJC_MSGSEND = YES;
				GCC_C_LANGUAGE_STANDARD = gnu11;
				GCC_NO_COMMON_BLOCKS = YES;
				GCC_WARN_64_TO_32_BIT_CONVERSION = YES;
				GCC_WARN_ABOUT_RETURN_TYPE = YES_ERROR;
				GCC_WARN_UNDECLARED_SELECTOR = YES;
				GCC_WARN_UNINITIALIZED_AUTOS = YES_AGGRESSIVE;
				GCC_WARN_UNUSED_FUNCTION = YES;
				GCC_WARN_UNUSED_VARIABLE = YES;
				IPHONEOS_DEPLOYMENT_TARGET = 16.4;
				MTL_ENABLE_DEBUG_INFO = NO;
				MTL_FAST_MATH = YES;
				SDKROOT = iphoneos;
				SWIFT_COMPILATION_MODE = wholemodule;
				SWIFT_OPTIMIZATION_LEVEL = "-O";
				VALIDATE_PRODUCT = YES;
			};
			name = Release;
		};
		AC9333B22B2A7182001A55C1 /* Debug */ = {
			isa = XCBuildConfiguration;
			buildSettings = {
				ASSETCATALOG_COMPILER_APPICON_NAME = AppIcon;
				ASSETCATALOG_COMPILER_GLOBAL_ACCENT_COLOR_NAME = AccentColor;
				CODE_SIGN_STYLE = Automatic;
				CURRENT_PROJECT_VERSION = 1;
				DEVELOPMENT_ASSET_PATHS = "\"CodeSlicingBootcamp/Preview Content\"";
				DEVELOPMENT_TEAM = 482344W3R3;
				ENABLE_PREVIEWS = YES;
				GENERATE_INFOPLIST_FILE = YES;
				INFOPLIST_KEY_UIApplicationSceneManifest_Generation = YES;
				INFOPLIST_KEY_UIApplicationSupportsIndirectInputEvents = YES;
				INFOPLIST_KEY_UILaunchScreen_Generation = YES;
				INFOPLIST_KEY_UISupportedInterfaceOrientations_iPad = "UIInterfaceOrientationPortrait UIInterfaceOrientationPortraitUpsideDown UIInterfaceOrientationLandscapeLeft UIInterfaceOrientationLandscapeRight";
				INFOPLIST_KEY_UISupportedInterfaceOrientations_iPhone = "UIInterfaceOrientationPortrait UIInterfaceOrientationLandscapeLeft UIInterfaceOrientationLandscapeRight";
				LD_RUNPATH_SEARCH_PATHS = (
					"$(inherited)",
					"@executable_path/Frameworks",
				);
				MARKETING_VERSION = 1.0;
				PRODUCT_BUNDLE_IDENTIFIER = Artemaj.CodeSlicingBootcamp;
				PRODUCT_NAME = "$(TARGET_NAME)";
				SWIFT_EMIT_LOC_STRINGS = YES;
				SWIFT_VERSION = 5.0;
				TARGETED_DEVICE_FAMILY = "1,2";
			};
			name = Debug;
		};
		AC9333B32B2A7182001A55C1 /* Release */ = {
			isa = XCBuildConfiguration;
			buildSettings = {
				ASSETCATALOG_COMPILER_APPICON_NAME = AppIcon;
				ASSETCATALOG_COMPILER_GLOBAL_ACCENT_COLOR_NAME = AccentColor;
				CODE_SIGN_STYLE = Automatic;
				CURRENT_PROJECT_VERSION = 1;
				DEVELOPMENT_ASSET_PATHS = "\"CodeSlicingBootcamp/Preview Content\"";
				DEVELOPMENT_TEAM = 482344W3R3;
				ENABLE_PREVIEWS = YES;
				GENERATE_INFOPLIST_FILE = YES;
				INFOPLIST_KEY_UIApplicationSceneManifest_Generation = YES;
				INFOPLIST_KEY_UIApplicationSupportsIndirectInputEvents = YES;
				INFOPLIST_KEY_UILaunchScreen_Generation = YES;
				INFOPLIST_KEY_UISupportedInterfaceOrientations_iPad = "UIInterfaceOrientationPortrait UIInterfaceOrientationPortraitUpsideDown UIInterfaceOrientationLandscapeLeft UIInterfaceOrientationLandscapeRight";
				INFOPLIST_KEY_UISupportedInterfaceOrientations_iPhone = "UIInterfaceOrientationPortrait UIInterfaceOrientationLandscapeLeft UIInterfaceOrientationLandscapeRight";
				LD_RUNPATH_SEARCH_PATHS = (
					"$(inherited)",
					"@executable_path/Frameworks",
				);
				MARKETING_VERSION = 1.0;
				PRODUCT_BUNDLE_IDENTIFIER = Artemaj.CodeSlicingBootcamp;
				PRODUCT_NAME = "$(TARGET_NAME)";
				SWIFT_EMIT_LOC_STRINGS = YES;
				SWIFT_VERSION = 5.0;
				TARGETED_DEVICE_FAMILY = "1,2";
			};
			name = Release;
		};
/* End XCBuildConfiguration section */

/* Begin XCConfigurationList section */
		AC93339E2B2A7180001A55C1 /* Build configuration list for PBXProject "CodeSlicingBootcamp" */ = {
			isa = XCConfigurationList;
			buildConfigurations = (
				AC9333AF2B2A7182001A55C1 /* Debug */,
				AC9333B02B2A7182001A55C1 /* Release */,
			);
			defaultConfigurationIsVisible = 0;
			defaultConfigurationName = Release;
		};
		AC9333B12B2A7182001A55C1 /* Build configuration list for PBXNativeTarget "CodeSlicingBootcamp" */ = {
			isa = XCConfigurationList;
			buildConfigurations = (
				AC9333B22B2A7182001A55C1 /* Debug */,
				AC9333B32B2A7182001A55C1 /* Release */,
			);
			defaultConfigurationIsVisible = 0;
			defaultConfigurationName = Release;
		};
/* End XCConfigurationList section */

/* Begin XCRemoteSwiftPackageReference section */
		AC9333B62B2A72CC001A55C1 /* XCRemoteSwiftPackageReference "pure-swift-ui" */ = {
			isa = XCRemoteSwiftPackageReference;
			repositoryURL = "https://github.com/CodeSlicing/pure-swift-ui.git";
			requirement = {
				kind = upToNextMajorVersion;
				minimumVersion = 3.0.0;
			};
		};
		AC9333BB2B2AF929001A55C1 /* XCRemoteSwiftPackageReference "swiftui-app-icon-creator" */ = {
			isa = XCRemoteSwiftPackageReference;
			repositoryURL = "https://github.com/darrarski/swiftui-app-icon-creator.git";
			requirement = {
				branch = main;
				kind = branch;
			};
		};
/* End XCRemoteSwiftPackageReference section */

/* Begin XCSwiftPackageProductDependency section */
		AC9333B72B2A72CC001A55C1 /* PureSwiftUI */ = {
			isa = XCSwiftPackageProductDependency;
			package = AC9333B62B2A72CC001A55C1 /* XCRemoteSwiftPackageReference "pure-swift-ui" */;
			productName = PureSwiftUI;
		};
		AC9333BC2B2AF929001A55C1 /* AppIconCreator */ = {
			isa = XCSwiftPackageProductDependency;
			package = AC9333BB2B2AF929001A55C1 /* XCRemoteSwiftPackageReference "swiftui-app-icon-creator" */;
			productName = AppIconCreator;
		};
/* End XCSwiftPackageProductDependency section */
	};
	rootObject = AC93339B2B2A7180001A55C1 /* Project object */;
}
